
Microsoft Visual Studio Solution File, Format Version 12.00
# Visual Studio Version 17
VisualStudioVersion = 17.7.34003.232
MinimumVisualStudioVersion = 10.0.40219.1
Project("{FAE04EC0-301F-11D3-BF4B-00C04F79EFBC}") = "DuszaTKVGameLib", "DuszaWpfLib\DuszaTKVGameLib.csproj", "{4ADE3F4A-A827-41E8-993A-3F7B3638857E}"
EndProject
Project("{FAE04EC0-301F-11D3-BF4B-00C04F79EFBC}") = "DuszaWpfApp", "DuszaWpfApp\DuszaWpfApp.csproj", "{9A7F311E-8F93-4084-B963-367A549728AD}"
EndProject
Global
	GlobalSection(SolutionConfigurationPlatforms) = preSolution
		Debug|Any CPU = Debug|Any CPU
		Release|Any CPU = Release|Any CPU
	EndGlobalSection
	GlobalSection(ProjectConfigurationPlatforms) = postSolution
		{4ADE3F4A-A827-41E8-993A-3F7B3638857E}.Debug|Any CPU.ActiveCfg = Debug|Any CPU
		{4ADE3F4A-A827-41E8-993A-3F7B3638857E}.Debug|Any CPU.Build.0 = Debug|Any CPU
		{4ADE3F4A-A827-41E8-993A-3F7B3638857E}.Release|Any CPU.ActiveCfg = Release|Any CPU
		{4ADE3F4A-A827-41E8-993A-3F7B3638857E}.Release|Any CPU.Build.0 = Release|Any CPU
		{9A7F311E-8F93-4084-B963-367A549728AD}.Debug|Any CPU.ActiveCfg = Debug|Any CPU
		{9A7F311E-8F93-4084-B963-367A549728AD}.Debug|Any CPU.Build.0 = Debug|Any CPU
		{9A7F311E-8F93-4084-B963-367A549728AD}.Release|Any CPU.ActiveCfg = Release|Any CPU
		{9A7F311E-8F93-4084-B963-367A549728AD}.Release|Any CPU.Build.0 = Release|Any CPU
	EndGlobalSection
	GlobalSection(SolutionProperties) = preSolution
		HideSolutionNode = FALSE
	EndGlobalSection
	GlobalSection(ExtensibilityGlobals) = postSolution
		SolutionGuid = {6EBEA338-4111-4750-8B27-24D818AA5B03}
	EndGlobalSection
EndGlobal
